
Microsoft Visual Studio Solution File, Format Version 12.00
# Visual Studio Version 17
VisualStudioVersion = 17.0.31903.59
MinimumVisualStudioVersion = 10.0.40219.1
Project("{FAE04EC0-301F-11D3-BF4B-00C04F79EFBC}") = "SpiderControl.Core", "SpiderControl.Core\SpiderControl.Core.csproj", "{DE17A021-1C4B-42E1-89D6-FDB508DC7C33}"
EndProject
Project("{FAE04EC0-301F-11D3-BF4B-00C04F79EFBC}") = "SpiderControl.Core.Tests", "SpiderControl.Core.Tests\SpiderControl.Core.Tests.csproj", "{58C5423A-B1D4-4E01-9C71-6309976956DD}"
EndProject
Project("{FAE04EC0-301F-11D3-BF4B-00C04F79EFBC}") = "SpiderControl.Console", "SpiderControl.Console\SpiderControl.Console.csproj", "{E37F3E25-60B3-4747-A738-5A3C24734825}"
EndProject
Project("{FAE04EC0-301F-11D3-BF4B-00C04F79EFBC}") = "SpiderControl.Console.Tests", "SpiderControl.Console.Tests\SpiderControl.Console.Tests.csproj", "{2CC512C9-D527-4E4E-8F0C-000C322D88C1}"
EndProject
Global
	GlobalSection(SolutionConfigurationPlatforms) = preSolution
		Debug|Any CPU = Debug|Any CPU
		Release|Any CPU = Release|Any CPU
	EndGlobalSection
	GlobalSection(SolutionProperties) = preSolution
		HideSolutionNode = FALSE
	EndGlobalSection
	GlobalSection(ProjectConfigurationPlatforms) = postSolution
		{DE17A021-1C4B-42E1-89D6-FDB508DC7C33}.Debug|Any CPU.ActiveCfg = Debug|Any CPU
		{DE17A021-1C4B-42E1-89D6-FDB508DC7C33}.Debug|Any CPU.Build.0 = Debug|Any CPU
		{DE17A021-1C4B-42E1-89D6-FDB508DC7C33}.Release|Any CPU.ActiveCfg = Release|Any CPU
		{DE17A021-1C4B-42E1-89D6-FDB508DC7C33}.Release|Any CPU.Build.0 = Release|Any CPU
		{58C5423A-B1D4-4E01-9C71-6309976956DD}.Debug|Any CPU.ActiveCfg = Debug|Any CPU
		{58C5423A-B1D4-4E01-9C71-6309976956DD}.Debug|Any CPU.Build.0 = Debug|Any CPU
		{58C5423A-B1D4-4E01-9C71-6309976956DD}.Release|Any CPU.ActiveCfg = Release|Any CPU
		{58C5423A-B1D4-4E01-9C71-6309976956DD}.Release|Any CPU.Build.0 = Release|Any CPU
		{E37F3E25-60B3-4747-A738-5A3C24734825}.Debug|Any CPU.ActiveCfg = Debug|Any CPU
		{E37F3E25-60B3-4747-A738-5A3C24734825}.Debug|Any CPU.Build.0 = Debug|Any CPU
		{E37F3E25-60B3-4747-A738-5A3C24734825}.Release|Any CPU.ActiveCfg = Release|Any CPU
		{E37F3E25-60B3-4747-A738-5A3C24734825}.Release|Any CPU.Build.0 = Release|Any CPU
		{2CC512C9-D527-4E4E-8F0C-000C322D88C1}.Debug|Any CPU.ActiveCfg = Debug|Any CPU
		{2CC512C9-D527-4E4E-8F0C-000C322D88C1}.Debug|Any CPU.Build.0 = Debug|Any CPU
		{2CC512C9-D527-4E4E-8F0C-000C322D88C1}.Release|Any CPU.ActiveCfg = Release|Any CPU
		{2CC512C9-D527-4E4E-8F0C-000C322D88C1}.Release|Any CPU.Build.0 = Release|Any CPU
	EndGlobalSection
EndGlobal
